
Microsoft Visual Studio Solution File, Format Version 12.00
# Visual Studio Version 17
VisualStudioVersion = 17.5.002.0
MinimumVisualStudioVersion = 10.0.40219.1
Project("{9A19103F-16F7-4668-BE54-9A1E7A4F7556}") = "task1", "task1\task1.csproj", "{127A659A-BBDF-4C31-B809-119D9A2E5648}"
EndProject
Global
	GlobalSection(SolutionConfigurationPlatforms) = preSolution
		Debug|Any CPU = Debug|Any CPU
		Release|Any CPU = Release|Any CPU
	EndGlobalSection
	GlobalSection(ProjectConfigurationPlatforms) = postSolution
		{127A659A-BBDF-4C31-B809-119D9A2E5648}.Debug|Any CPU.ActiveCfg = Debug|Any CPU
		{127A659A-BBDF-4C31-B809-119D9A2E5648}.Debug|Any CPU.Build.0 = Debug|Any CPU
		{127A659A-BBDF-4C31-B809-119D9A2E5648}.Release|Any CPU.ActiveCfg = Release|Any CPU
		{127A659A-BBDF-4C31-B809-119D9A2E5648}.Release|Any CPU.Build.0 = Release|Any CPU
	EndGlobalSection
	GlobalSection(SolutionProperties) = preSolution
		HideSolutionNode = FALSE
	EndGlobalSection
	GlobalSection(ExtensibilityGlobals) = postSolution
		SolutionGuid = {D34FBD83-5559-4162-9C7F-F1E260B796A7}
	EndGlobalSection
EndGlobal
